// !$*UTF8*$!
{
	archiveVersion = 1;
	classes = {
	};
	objectVersion = 50;
	objects = {

/* Begin PBXBuildFile section */
		BA1E863F25F9BE8900A5F6EE /* JuiceMakerError.swift in Sources */ = {isa = PBXBuildFile; fileRef = BA1E863E25F9BE8900A5F6EE /* JuiceMakerError.swift */; };
		BA54932725FF5523004DDC56 /* FruitStockLabel.swift in Sources */ = {isa = PBXBuildFile; fileRef = BA54932625FF5523004DDC56 /* FruitStockLabel.swift */; };
		BA54932D26023896004DDC56 /* AlertViewController.swift in Sources */ = {isa = PBXBuildFile; fileRef = BA54932C26023896004DDC56 /* AlertViewController.swift */; };
		BAA6DFC725F8521B00AC4589 /* FruitStorage.swift in Sources */ = {isa = PBXBuildFile; fileRef = BAA6DFC625F8521B00AC4589 /* FruitStorage.swift */; };
		BAFBED2925FBA70900C330C4 /* StockManagerViewController.swift in Sources */ = {isa = PBXBuildFile; fileRef = BAFBED2825FBA70800C330C4 /* StockManagerViewController.swift */; };
		BAFBED4B25FF2C9500C330C4 /* JuiceData.swift in Sources */ = {isa = PBXBuildFile; fileRef = BAFBED4A25FF2C9500C330C4 /* JuiceData.swift */; };
		BAFBED5525FF2EB400C330C4 /* OrderButton.swift in Sources */ = {isa = PBXBuildFile; fileRef = BAFBED5425FF2EB400C330C4 /* OrderButton.swift */; };
		C73DAF37255D0CDD00020D38 /* AppDelegate.swift in Sources */ = {isa = PBXBuildFile; fileRef = C73DAF36255D0CDD00020D38 /* AppDelegate.swift */; };
		C73DAF39255D0CDD00020D38 /* SceneDelegate.swift in Sources */ = {isa = PBXBuildFile; fileRef = C73DAF38255D0CDD00020D38 /* SceneDelegate.swift */; };
		C73DAF3B255D0CDD00020D38 /* JuiceMakerViewController.swift in Sources */ = {isa = PBXBuildFile; fileRef = C73DAF3A255D0CDD00020D38 /* JuiceMakerViewController.swift */; };
		C73DAF3E255D0CDD00020D38 /* Main.storyboard in Resources */ = {isa = PBXBuildFile; fileRef = C73DAF3C255D0CDD00020D38 /* Main.storyboard */; };
		C73DAF40255D0CDE00020D38 /* Assets.xcassets in Resources */ = {isa = PBXBuildFile; fileRef = C73DAF3F255D0CDE00020D38 /* Assets.xcassets */; };
		C73DAF43255D0CDF00020D38 /* LaunchScreen.storyboard in Resources */ = {isa = PBXBuildFile; fileRef = C73DAF41255D0CDF00020D38 /* LaunchScreen.storyboard */; };
		C73DAF4C255D0D0400020D38 /* JuiceMaker.swift in Sources */ = {isa = PBXBuildFile; fileRef = C73DAF4B255D0D0400020D38 /* JuiceMaker.swift */; };
/* End PBXBuildFile section */

/* Begin PBXFileReference section */
		BA1E863E25F9BE8900A5F6EE /* JuiceMakerError.swift */ = {isa = PBXFileReference; lastKnownFileType = sourcecode.swift; path = JuiceMakerError.swift; sourceTree = "<group>"; };
		BA54932625FF5523004DDC56 /* FruitStockLabel.swift */ = {isa = PBXFileReference; lastKnownFileType = sourcecode.swift; path = FruitStockLabel.swift; sourceTree = "<group>"; };
		BA54932C26023896004DDC56 /* AlertViewController.swift */ = {isa = PBXFileReference; lastKnownFileType = sourcecode.swift; path = AlertViewController.swift; sourceTree = "<group>"; };
		BAA6DFC625F8521B00AC4589 /* FruitStorage.swift */ = {isa = PBXFileReference; lastKnownFileType = sourcecode.swift; path = FruitStorage.swift; sourceTree = "<group>"; };
		BAFBED2825FBA70800C330C4 /* StockManagerViewController.swift */ = {isa = PBXFileReference; lastKnownFileType = sourcecode.swift; path = StockManagerViewController.swift; sourceTree = "<group>"; };
		BAFBED4A25FF2C9500C330C4 /* JuiceData.swift */ = {isa = PBXFileReference; lastKnownFileType = sourcecode.swift; path = JuiceData.swift; sourceTree = "<group>"; };
		BAFBED5425FF2EB400C330C4 /* OrderButton.swift */ = {isa = PBXFileReference; lastKnownFileType = sourcecode.swift; path = OrderButton.swift; sourceTree = "<group>"; };
		C73DAF33255D0CDD00020D38 /* JuiceMaker.app */ = {isa = PBXFileReference; explicitFileType = wrapper.application; includeInIndex = 0; path = JuiceMaker.app; sourceTree = BUILT_PRODUCTS_DIR; };
		C73DAF36255D0CDD00020D38 /* AppDelegate.swift */ = {isa = PBXFileReference; lastKnownFileType = sourcecode.swift; path = AppDelegate.swift; sourceTree = "<group>"; };
		C73DAF38255D0CDD00020D38 /* SceneDelegate.swift */ = {isa = PBXFileReference; lastKnownFileType = sourcecode.swift; path = SceneDelegate.swift; sourceTree = "<group>"; };
		C73DAF3A255D0CDD00020D38 /* JuiceMakerViewController.swift */ = {isa = PBXFileReference; lastKnownFileType = sourcecode.swift; path = JuiceMakerViewController.swift; sourceTree = "<group>"; };
		C73DAF3D255D0CDD00020D38 /* Base */ = {isa = PBXFileReference; lastKnownFileType = file.storyboard; name = Base; path = Base.lproj/Main.storyboard; sourceTree = "<group>"; };
		C73DAF3F255D0CDE00020D38 /* Assets.xcassets */ = {isa = PBXFileReference; lastKnownFileType = folder.assetcatalog; path = Assets.xcassets; sourceTree = "<group>"; };
		C73DAF42255D0CDF00020D38 /* Base */ = {isa = PBXFileReference; lastKnownFileType = file.storyboard; name = Base; path = Base.lproj/LaunchScreen.storyboard; sourceTree = "<group>"; };
		C73DAF44255D0CDF00020D38 /* Info.plist */ = {isa = PBXFileReference; lastKnownFileType = text.plist.xml; path = Info.plist; sourceTree = "<group>"; };
		C73DAF4B255D0D0400020D38 /* JuiceMaker.swift */ = {isa = PBXFileReference; lastKnownFileType = sourcecode.swift; path = JuiceMaker.swift; sourceTree = "<group>"; };
/* End PBXFileReference section */

/* Begin PBXFrameworksBuildPhase section */
		C73DAF30255D0CDC00020D38 /* Frameworks */ = {
			isa = PBXFrameworksBuildPhase;
			buildActionMask = 2147483647;
			files = (
			);
			runOnlyForDeploymentPostprocessing = 0;
		};
/* End PBXFrameworksBuildPhase section */

/* Begin PBXGroup section */
		BA1E863C25F9BD9F00A5F6EE /* Storyboard */ = {
			isa = PBXGroup;
			children = (
				C73DAF3C255D0CDD00020D38 /* Main.storyboard */,
				C73DAF41255D0CDF00020D38 /* LaunchScreen.storyboard */,
			);
			path = Storyboard;
			sourceTree = "<group>";
		};
		BAFBED4525FF2A4E00C330C4 /* ViewController */ = {
			isa = PBXGroup;
			children = (
				C73DAF3A255D0CDD00020D38 /* JuiceMakerViewController.swift */,
				BAFBED2825FBA70800C330C4 /* StockManagerViewController.swift */,
				BA54932C26023896004DDC56 /* AlertViewController.swift */,
			);
			path = ViewController;
			sourceTree = "<group>";
		};
		BAFBED4625FF2A5100C330C4 /* CustomView */ = {
			isa = PBXGroup;
			children = (
				BAFBED5425FF2EB400C330C4 /* OrderButton.swift */,
				BA54932625FF5523004DDC56 /* FruitStockLabel.swift */,
			);
			path = CustomView;
			sourceTree = "<group>";
		};
		BAFBED4725FF2A5300C330C4 /* Model */ = {
			isa = PBXGroup;
			children = (
				BAFBED4A25FF2C9500C330C4 /* JuiceData.swift */,
				BAA6DFC625F8521B00AC4589 /* FruitStorage.swift */,
				C73DAF4B255D0D0400020D38 /* JuiceMaker.swift */,
			);
			path = Model;
			sourceTree = "<group>";
		};
		BAFBED4825FF2A6E00C330C4 /* Error */ = {
			isa = PBXGroup;
			children = (
				BA1E863E25F9BE8900A5F6EE /* JuiceMakerError.swift */,
			);
			path = Error;
			sourceTree = "<group>";
		};
		C73DAF2A255D0CDC00020D38 = {
			isa = PBXGroup;
			children = (
				C73DAF35255D0CDD00020D38 /* JuiceMaker */,
				C73DAF34255D0CDD00020D38 /* Products */,
			);
			sourceTree = "<group>";
		};
		C73DAF34255D0CDD00020D38 /* Products */ = {
			isa = PBXGroup;
			children = (
				C73DAF33255D0CDD00020D38 /* JuiceMaker.app */,
			);
			name = Products;
			sourceTree = "<group>";
		};
		C73DAF35255D0CDD00020D38 /* JuiceMaker */ = {
			isa = PBXGroup;
			children = (
				BAFBED4725FF2A5300C330C4 /* Model */,
				BAFBED4625FF2A5100C330C4 /* CustomView */,
				BAFBED4525FF2A4E00C330C4 /* ViewController */,
				BAFBED4825FF2A6E00C330C4 /* Error */,
				BA1E863C25F9BD9F00A5F6EE /* Storyboard */,
				C73DAF36255D0CDD00020D38 /* AppDelegate.swift */,
				C73DAF38255D0CDD00020D38 /* SceneDelegate.swift */,
				C73DAF3F255D0CDE00020D38 /* Assets.xcassets */,
				C73DAF44255D0CDF00020D38 /* Info.plist */,
			);
			path = JuiceMaker;
			sourceTree = "<group>";
		};
/* End PBXGroup section */

/* Begin PBXNativeTarget section */
		C73DAF32255D0CDC00020D38 /* JuiceMaker */ = {
			isa = PBXNativeTarget;
			buildConfigurationList = C73DAF47255D0CDF00020D38 /* Build configuration list for PBXNativeTarget "JuiceMaker" */;
			buildPhases = (
				C73DAF2F255D0CDC00020D38 /* Sources */,
				C73DAF30255D0CDC00020D38 /* Frameworks */,
				C73DAF31255D0CDC00020D38 /* Resources */,
			);
			buildRules = (
			);
			dependencies = (
			);
			name = JuiceMaker;
			productName = JuiceMaker;
			productReference = C73DAF33255D0CDD00020D38 /* JuiceMaker.app */;
			productType = "com.apple.product-type.application";
		};
/* End PBXNativeTarget section */

/* Begin PBXProject section */
		C73DAF2B255D0CDC00020D38 /* Project object */ = {
			isa = PBXProject;
			attributes = {
				LastSwiftUpdateCheck = 1200;
				LastUpgradeCheck = 1200;
				TargetAttributes = {
					C73DAF32255D0CDC00020D38 = {
						CreatedOnToolsVersion = 12.0;
					};
				};
			};
			buildConfigurationList = C73DAF2E255D0CDC00020D38 /* Build configuration list for PBXProject "JuiceMaker" */;
			compatibilityVersion = "Xcode 9.3";
			developmentRegion = en;
			hasScannedForEncodings = 0;
			knownRegions = (
				en,
				Base,
			);
			mainGroup = C73DAF2A255D0CDC00020D38;
			productRefGroup = C73DAF34255D0CDD00020D38 /* Products */;
			projectDirPath = "";
			projectRoot = "";
			targets = (
				C73DAF32255D0CDC00020D38 /* JuiceMaker */,
			);
		};
/* End PBXProject section */

/* Begin PBXResourcesBuildPhase section */
		C73DAF31255D0CDC00020D38 /* Resources */ = {
			isa = PBXResourcesBuildPhase;
			buildActionMask = 2147483647;
			files = (
				C73DAF43255D0CDF00020D38 /* LaunchScreen.storyboard in Resources */,
				C73DAF40255D0CDE00020D38 /* Assets.xcassets in Resources */,
				C73DAF3E255D0CDD00020D38 /* Main.storyboard in Resources */,
			);
			runOnlyForDeploymentPostprocessing = 0;
		};
/* End PBXResourcesBuildPhase section */

/* Begin PBXSourcesBuildPhase section */
		C73DAF2F255D0CDC00020D38 /* Sources */ = {
			isa = PBXSourcesBuildPhase;
			buildActionMask = 2147483647;
			files = (
				BA1E863F25F9BE8900A5F6EE /* JuiceMakerError.swift in Sources */,
				BA54932725FF5523004DDC56 /* FruitStockLabel.swift in Sources */,
				BAA6DFC725F8521B00AC4589 /* FruitStorage.swift in Sources */,
				C73DAF3B255D0CDD00020D38 /* JuiceMakerViewController.swift in Sources */,
				BAFBED5525FF2EB400C330C4 /* OrderButton.swift in Sources */,
				BAFBED2925FBA70900C330C4 /* StockManagerViewController.swift in Sources */,
				BAFBED4B25FF2C9500C330C4 /* JuiceData.swift in Sources */,
				BA54932D26023896004DDC56 /* AlertViewController.swift in Sources */,
				C73DAF37255D0CDD00020D38 /* AppDelegate.swift in Sources */,
				C73DAF39255D0CDD00020D38 /* SceneDelegate.swift in Sources */,
				C73DAF4C255D0D0400020D38 /* JuiceMaker.swift in Sources */,
			);
			runOnlyForDeploymentPostprocessing = 0;
		};
/* End PBXSourcesBuildPhase section */

/* Begin PBXVariantGroup section */
		C73DAF3C255D0CDD00020D38 /* Main.storyboard */ = {
			isa = PBXVariantGroup;
			children = (
				C73DAF3D255D0CDD00020D38 /* Base */,
			);
			name = Main.storyboard;
			sourceTree = "<group>";
		};
		C73DAF41255D0CDF00020D38 /* LaunchScreen.storyboard */ = {
			isa = PBXVariantGroup;
			children = (
				C73DAF42255D0CDF00020D38 /* Base */,
			);
			name = LaunchScreen.storyboard;
			sourceTree = "<group>";
		};
/* End PBXVariantGroup section */

/* Begin XCBuildConfiguration section */
		C73DAF45255D0CDF00020D38 /* Debug */ = {
			isa = XCBuildConfiguration;
			buildSettings = {
				ALWAYS_SEARCH_USER_PATHS = NO;
				CLANG_ANALYZER_NONNULL = YES;
				CLANG_ANALYZER_NUMBER_OBJECT_CONVERSION = YES_AGGRESSIVE;
				CLANG_CXX_LANGUAGE_STANDARD = "gnu++14";
				CLANG_CXX_LIBRARY = "libc++";
				CLANG_ENABLE_MODULES = YES;
				CLANG_ENABLE_OBJC_ARC = YES;
				CLANG_ENABLE_OBJC_WEAK = YES;
				CLANG_WARN_BLOCK_CAPTURE_AUTORELEASING = YES;
				CLANG_WARN_BOOL_CONVERSION = YES;
				CLANG_WARN_COMMA = YES;
				CLANG_WARN_CONSTANT_CONVERSION = YES;
				CLANG_WARN_DEPRECATED_OBJC_IMPLEMENTATIONS = YES;
				CLANG_WARN_DIRECT_OBJC_ISA_USAGE = YES_ERROR;
				CLANG_WARN_DOCUMENTATION_COMMENTS = YES;
				CLANG_WARN_EMPTY_BODY = YES;
				CLANG_WARN_ENUM_CONVERSION = YES;
				CLANG_WARN_INFINITE_RECURSION = YES;
				CLANG_WARN_INT_CONVERSION = YES;
				CLANG_WARN_NON_LITERAL_NULL_CONVERSION = YES;
				CLANG_WARN_OBJC_IMPLICIT_RETAIN_SELF = YES;
				CLANG_WARN_OBJC_LITERAL_CONVERSION = YES;
				CLANG_WARN_OBJC_ROOT_CLASS = YES_ERROR;
				CLANG_WARN_QUOTED_INCLUDE_IN_FRAMEWORK_HEADER = YES;
				CLANG_WARN_RANGE_LOOP_ANALYSIS = YES;
				CLANG_WARN_STRICT_PROTOTYPES = YES;
				CLANG_WARN_SUSPICIOUS_MOVE = YES;
				CLANG_WARN_UNGUARDED_AVAILABILITY = YES_AGGRESSIVE;
				CLANG_WARN_UNREACHABLE_CODE = YES;
				CLANG_WARN__DUPLICATE_METHOD_MATCH = YES;
				COPY_PHASE_STRIP = NO;
				DEBUG_INFORMATION_FORMAT = dwarf;
				ENABLE_STRICT_OBJC_MSGSEND = YES;
				ENABLE_TESTABILITY = YES;
				GCC_C_LANGUAGE_STANDARD = gnu11;
				GCC_DYNAMIC_NO_PIC = NO;
				GCC_NO_COMMON_BLOCKS = YES;
				GCC_OPTIMIZATION_LEVEL = 0;
				GCC_PREPROCESSOR_DEFINITIONS = (
					"DEBUG=1",
					"$(inherited)",
				);
				GCC_WARN_64_TO_32_BIT_CONVERSION = YES;
				GCC_WARN_ABOUT_RETURN_TYPE = YES_ERROR;
				GCC_WARN_UNDECLARED_SELECTOR = YES;
				GCC_WARN_UNINITIALIZED_AUTOS = YES_AGGRESSIVE;
				GCC_WARN_UNUSED_FUNCTION = YES;
				GCC_WARN_UNUSED_VARIABLE = YES;
				IPHONEOS_DEPLOYMENT_TARGET = 14.0;
				MTL_ENABLE_DEBUG_INFO = INCLUDE_SOURCE;
				MTL_FAST_MATH = YES;
				ONLY_ACTIVE_ARCH = YES;
				SDKROOT = iphoneos;
				SWIFT_ACTIVE_COMPILATION_CONDITIONS = DEBUG;
				SWIFT_OPTIMIZATION_LEVEL = "-Onone";
			};
			name = Debug;
		};
		C73DAF46255D0CDF00020D38 /* Release */ = {
			isa = XCBuildConfiguration;
			buildSettings = {
				ALWAYS_SEARCH_USER_PATHS = NO;
				CLANG_ANALYZER_NONNULL = YES;
				CLANG_ANALYZER_NUMBER_OBJECT_CONVERSION = YES_AGGRESSIVE;
				CLANG_CXX_LANGUAGE_STANDARD = "gnu++14";
				CLANG_CXX_LIBRARY = "libc++";
				CLANG_ENABLE_MODULES = YES;
				CLANG_ENABLE_OBJC_ARC = YES;
				CLANG_ENABLE_OBJC_WEAK = YES;
				CLANG_WARN_BLOCK_CAPTURE_AUTORELEASING = YES;
				CLANG_WARN_BOOL_CONVERSION = YES;
				CLANG_WARN_COMMA = YES;
				CLANG_WARN_CONSTANT_CONVERSION = YES;
				CLANG_WARN_DEPRECATED_OBJC_IMPLEMENTATIONS = YES;
				CLANG_WARN_DIRECT_OBJC_ISA_USAGE = YES_ERROR;
				CLANG_WARN_DOCUMENTATION_COMMENTS = YES;
				CLANG_WARN_EMPTY_BODY = YES;
				CLANG_WARN_ENUM_CONVERSION = YES;
				CLANG_WARN_INFINITE_RECURSION = YES;
				CLANG_WARN_INT_CONVERSION = YES;
				CLANG_WARN_NON_LITERAL_NULL_CONVERSION = YES;
				CLANG_WARN_OBJC_IMPLICIT_RETAIN_SELF = YES;
				CLANG_WARN_OBJC_LITERAL_CONVERSION = YES;
				CLANG_WARN_OBJC_ROOT_CLASS = YES_ERROR;
				CLANG_WARN_QUOTED_INCLUDE_IN_FRAMEWORK_HEADER = YES;
				CLANG_WARN_RANGE_LOOP_ANALYSIS = YES;
				CLANG_WARN_STRICT_PROTOTYPES = YES;
				CLANG_WARN_SUSPICIOUS_MOVE = YES;
				CLANG_WARN_UNGUARDED_AVAILABILITY = YES_AGGRESSIVE;
				CLANG_WARN_UNREACHABLE_CODE = YES;
				CLANG_WARN__DUPLICATE_METHOD_MATCH = YES;
				COPY_PHASE_STRIP = NO;
				DEBUG_INFORMATION_FORMAT = "dwarf-with-dsym";
				ENABLE_NS_ASSERTIONS = NO;
				ENABLE_STRICT_OBJC_MSGSEND = YES;
				GCC_C_LANGUAGE_STANDARD = gnu11;
				GCC_NO_COMMON_BLOCKS = YES;
				GCC_WARN_64_TO_32_BIT_CONVERSION = YES;
				GCC_WARN_ABOUT_RETURN_TYPE = YES_ERROR;
				GCC_WARN_UNDECLARED_SELECTOR = YES;
				GCC_WARN_UNINITIALIZED_AUTOS = YES_AGGRESSIVE;
				GCC_WARN_UNUSED_FUNCTION = YES;
				GCC_WARN_UNUSED_VARIABLE = YES;
				IPHONEOS_DEPLOYMENT_TARGET = 14.0;
				MTL_ENABLE_DEBUG_INFO = NO;
				MTL_FAST_MATH = YES;
				SDKROOT = iphoneos;
				SWIFT_COMPILATION_MODE = wholemodule;
				SWIFT_OPTIMIZATION_LEVEL = "-O";
				VALIDATE_PRODUCT = YES;
			};
			name = Release;
		};
		C73DAF48255D0CDF00020D38 /* Debug */ = {
			isa = XCBuildConfiguration;
			buildSettings = {
				ASSETCATALOG_COMPILER_APPICON_NAME = AppIcon;
				ASSETCATALOG_COMPILER_GLOBAL_ACCENT_COLOR_NAME = AccentColor;
				CODE_SIGN_STYLE = Automatic;
				INFOPLIST_FILE = JuiceMaker/Info.plist;
				LD_RUNPATH_SEARCH_PATHS = (
					"$(inherited)",
					"@executable_path/Frameworks",
				);
				PRODUCT_BUNDLE_IDENTIFIER = net.yagom.JuiceMaker;
				PRODUCT_NAME = "$(TARGET_NAME)";
				SWIFT_VERSION = 5.0;
				TARGETED_DEVICE_FAMILY = "1,2";
			};
			name = Debug;
		};
		C73DAF49255D0CDF00020D38 /* Release */ = {
			isa = XCBuildConfiguration;
			buildSettings = {
				ASSETCATALOG_COMPILER_APPICON_NAME = AppIcon;
				ASSETCATALOG_COMPILER_GLOBAL_ACCENT_COLOR_NAME = AccentColor;
				CODE_SIGN_STYLE = Automatic;
				INFOPLIST_FILE = JuiceMaker/Info.plist;
				LD_RUNPATH_SEARCH_PATHS = (
					"$(inherited)",
					"@executable_path/Frameworks",
				);
				PRODUCT_BUNDLE_IDENTIFIER = net.yagom.JuiceMaker;
				PRODUCT_NAME = "$(TARGET_NAME)";
				SWIFT_VERSION = 5.0;
				TARGETED_DEVICE_FAMILY = "1,2";
			};
			name = Release;
		};
/* End XCBuildConfiguration section */

/* Begin XCConfigurationList section */
		C73DAF2E255D0CDC00020D38 /* Build configuration list for PBXProject "JuiceMaker" */ = {
			isa = XCConfigurationList;
			buildConfigurations = (
				C73DAF45255D0CDF00020D38 /* Debug */,
				C73DAF46255D0CDF00020D38 /* Release */,
			);
			defaultConfigurationIsVisible = 0;
			defaultConfigurationName = Release;
		};
		C73DAF47255D0CDF00020D38 /* Build configuration list for PBXNativeTarget "JuiceMaker" */ = {
			isa = XCConfigurationList;
			buildConfigurations = (
				C73DAF48255D0CDF00020D38 /* Debug */,
				C73DAF49255D0CDF00020D38 /* Release */,
			);
			defaultConfigurationIsVisible = 0;
			defaultConfigurationName = Release;
		};
/* End XCConfigurationList section */
	};
	rootObject = C73DAF2B255D0CDC00020D38 /* Project object */;
}
