// !$*UTF8*$!
{
	archiveVersion = 1;
	classes = {
	};
	objectVersion = 50;
	objects = {

/* Begin PBXBuildFile section */
		9B7B356E27BE403E00F9FA8B /* UIAlertShowable.swift in Sources */ = {isa = PBXBuildFile; fileRef = 9B7B356D27BE403E00F9FA8B /* UIAlertShowable.swift */; };
		9B7B357127BE4BAF00F9FA8B /* CompleteMakingAlert.swift in Sources */ = {isa = PBXBuildFile; fileRef = 9B7B357027BE4BAF00F9FA8B /* CompleteMakingAlert.swift */; };
		9B7B357327BE4BD400F9FA8B /* SoldOutAlert.swift in Sources */ = {isa = PBXBuildFile; fileRef = 9B7B357227BE4BD400F9FA8B /* SoldOutAlert.swift */; };
		B4ADAF4727BD560700791D54 /* MakeJuiceViewModel.swift in Sources */ = {isa = PBXBuildFile; fileRef = B4ADAF4627BD560700791D54 /* MakeJuiceViewModel.swift */; };
		B4ADAF4A27BD644900791D54 /* MakeJuiceViewModelTests.swift in Sources */ = {isa = PBXBuildFile; fileRef = B4ADAF4927BD644900791D54 /* MakeJuiceViewModelTests.swift */; };
		B4ADAF4D27BD652D00791D54 /* JuiceManufacturer.swift in Sources */ = {isa = PBXBuildFile; fileRef = B4ADAF4C27BD652D00791D54 /* JuiceManufacturer.swift */; };
		B4ADAF5027BD6F8C00791D54 /* JuiceManufacturerTests.swift in Sources */ = {isa = PBXBuildFile; fileRef = B4ADAF4F27BD6F8C00791D54 /* JuiceManufacturerTests.swift */; };
		B4ADAF5327BDCF1600791D54 /* JMObservable.swift in Sources */ = {isa = PBXBuildFile; fileRef = B4ADAF5227BDCF1600791D54 /* JMObservable.swift */; };
		C71CD66B266C7ACB0038B9CB /* FruitStore.swift in Sources */ = {isa = PBXBuildFile; fileRef = C71CD66A266C7ACB0038B9CB /* FruitStore.swift */; };
		C73DAF37255D0CDD00020D38 /* AppDelegate.swift in Sources */ = {isa = PBXBuildFile; fileRef = C73DAF36255D0CDD00020D38 /* AppDelegate.swift */; };
		C73DAF39255D0CDD00020D38 /* SceneDelegate.swift in Sources */ = {isa = PBXBuildFile; fileRef = C73DAF38255D0CDD00020D38 /* SceneDelegate.swift */; };
		C73DAF3B255D0CDD00020D38 /* MakeJuiceViewController.swift in Sources */ = {isa = PBXBuildFile; fileRef = C73DAF3A255D0CDD00020D38 /* MakeJuiceViewController.swift */; };
		C73DAF3E255D0CDD00020D38 /* Main.storyboard in Resources */ = {isa = PBXBuildFile; fileRef = C73DAF3C255D0CDD00020D38 /* Main.storyboard */; };
		C73DAF40255D0CDE00020D38 /* Assets.xcassets in Resources */ = {isa = PBXBuildFile; fileRef = C73DAF3F255D0CDE00020D38 /* Assets.xcassets */; };
		C73DAF43255D0CDF00020D38 /* LaunchScreen.storyboard in Resources */ = {isa = PBXBuildFile; fileRef = C73DAF41255D0CDF00020D38 /* LaunchScreen.storyboard */; };
		C73DAF4C255D0D0400020D38 /* JuiceMaker.swift in Sources */ = {isa = PBXBuildFile; fileRef = C73DAF4B255D0D0400020D38 /* JuiceMaker.swift */; };
		FA5821B727BC2C240070EA33 /* JuiceMakerTests.swift in Sources */ = {isa = PBXBuildFile; fileRef = FA5821B627BC2C240070EA33 /* JuiceMakerTests.swift */; };
		FA73E3C227BBF7430092141A /* FruitStoreTests.swift in Sources */ = {isa = PBXBuildFile; fileRef = FA73E3C127BBF7430092141A /* FruitStoreTests.swift */; };
		FA73E3C427BC127A0092141A /* Quantity.swift in Sources */ = {isa = PBXBuildFile; fileRef = FA73E3C327BC127A0092141A /* Quantity.swift */; };
		FA73E3C627BC16250092141A /* QuantityTests.swift in Sources */ = {isa = PBXBuildFile; fileRef = FA73E3C527BC16250092141A /* QuantityTests.swift */; };
/* End PBXBuildFile section */

/* Begin PBXContainerItemProxy section */
		FA73E3BB27BBF5A60092141A /* PBXContainerItemProxy */ = {
			isa = PBXContainerItemProxy;
			containerPortal = C73DAF2B255D0CDC00020D38 /* Project object */;
			proxyType = 1;
			remoteGlobalIDString = C73DAF32255D0CDC00020D38;
			remoteInfo = JuiceMaker;
		};
/* End PBXContainerItemProxy section */

/* Begin PBXFileReference section */
		9B7B356D27BE403E00F9FA8B /* UIAlertShowable.swift */ = {isa = PBXFileReference; lastKnownFileType = sourcecode.swift; path = UIAlertShowable.swift; sourceTree = "<group>"; };
		9B7B357027BE4BAF00F9FA8B /* CompleteMakingAlert.swift */ = {isa = PBXFileReference; lastKnownFileType = sourcecode.swift; path = CompleteMakingAlert.swift; sourceTree = "<group>"; };
		9B7B357227BE4BD400F9FA8B /* SoldOutAlert.swift */ = {isa = PBXFileReference; lastKnownFileType = sourcecode.swift; path = SoldOutAlert.swift; sourceTree = "<group>"; };
		B4ADAF4627BD560700791D54 /* MakeJuiceViewModel.swift */ = {isa = PBXFileReference; lastKnownFileType = sourcecode.swift; path = MakeJuiceViewModel.swift; sourceTree = "<group>"; };
		B4ADAF4927BD644900791D54 /* MakeJuiceViewModelTests.swift */ = {isa = PBXFileReference; lastKnownFileType = sourcecode.swift; path = MakeJuiceViewModelTests.swift; sourceTree = "<group>"; };
		B4ADAF4C27BD652D00791D54 /* JuiceManufacturer.swift */ = {isa = PBXFileReference; lastKnownFileType = sourcecode.swift; path = JuiceManufacturer.swift; sourceTree = "<group>"; };
		B4ADAF4F27BD6F8C00791D54 /* JuiceManufacturerTests.swift */ = {isa = PBXFileReference; lastKnownFileType = sourcecode.swift; path = JuiceManufacturerTests.swift; sourceTree = "<group>"; };
		B4ADAF5227BDCF1600791D54 /* JMObservable.swift */ = {isa = PBXFileReference; lastKnownFileType = sourcecode.swift; path = JMObservable.swift; sourceTree = "<group>"; };
		C71CD66A266C7ACB0038B9CB /* FruitStore.swift */ = {isa = PBXFileReference; lastKnownFileType = sourcecode.swift; path = FruitStore.swift; sourceTree = "<group>"; };
		C73DAF33255D0CDD00020D38 /* JuiceMaker.app */ = {isa = PBXFileReference; explicitFileType = wrapper.application; includeInIndex = 0; path = JuiceMaker.app; sourceTree = BUILT_PRODUCTS_DIR; };
		C73DAF36255D0CDD00020D38 /* AppDelegate.swift */ = {isa = PBXFileReference; lastKnownFileType = sourcecode.swift; path = AppDelegate.swift; sourceTree = "<group>"; };
		C73DAF38255D0CDD00020D38 /* SceneDelegate.swift */ = {isa = PBXFileReference; lastKnownFileType = sourcecode.swift; path = SceneDelegate.swift; sourceTree = "<group>"; };
		C73DAF3A255D0CDD00020D38 /* MakeJuiceViewController.swift */ = {isa = PBXFileReference; lastKnownFileType = sourcecode.swift; path = MakeJuiceViewController.swift; sourceTree = "<group>"; };
		C73DAF3D255D0CDD00020D38 /* Base */ = {isa = PBXFileReference; lastKnownFileType = file.storyboard; name = Base; path = Base.lproj/Main.storyboard; sourceTree = "<group>"; };
		C73DAF3F255D0CDE00020D38 /* Assets.xcassets */ = {isa = PBXFileReference; lastKnownFileType = folder.assetcatalog; path = Assets.xcassets; sourceTree = "<group>"; };
		C73DAF42255D0CDF00020D38 /* Base */ = {isa = PBXFileReference; lastKnownFileType = file.storyboard; name = Base; path = Base.lproj/LaunchScreen.storyboard; sourceTree = "<group>"; };
		C73DAF44255D0CDF00020D38 /* Info.plist */ = {isa = PBXFileReference; lastKnownFileType = text.plist.xml; path = Info.plist; sourceTree = "<group>"; };
		C73DAF4B255D0D0400020D38 /* JuiceMaker.swift */ = {isa = PBXFileReference; lastKnownFileType = sourcecode.swift; path = JuiceMaker.swift; sourceTree = "<group>"; };
		FA5821B627BC2C240070EA33 /* JuiceMakerTests.swift */ = {isa = PBXFileReference; lastKnownFileType = sourcecode.swift; path = JuiceMakerTests.swift; sourceTree = "<group>"; };
		FA73E3B727BBF5A60092141A /* JuiceMakerTests.xctest */ = {isa = PBXFileReference; explicitFileType = wrapper.cfbundle; includeInIndex = 0; path = JuiceMakerTests.xctest; sourceTree = BUILT_PRODUCTS_DIR; };
		FA73E3C127BBF7430092141A /* FruitStoreTests.swift */ = {isa = PBXFileReference; lastKnownFileType = sourcecode.swift; path = FruitStoreTests.swift; sourceTree = "<group>"; };
		FA73E3C327BC127A0092141A /* Quantity.swift */ = {isa = PBXFileReference; lastKnownFileType = sourcecode.swift; path = Quantity.swift; sourceTree = "<group>"; };
		FA73E3C527BC16250092141A /* QuantityTests.swift */ = {isa = PBXFileReference; lastKnownFileType = sourcecode.swift; path = QuantityTests.swift; sourceTree = "<group>"; };
/* End PBXFileReference section */

/* Begin PBXFrameworksBuildPhase section */
		C73DAF30255D0CDC00020D38 /* Frameworks */ = {
			isa = PBXFrameworksBuildPhase;
			buildActionMask = 2147483647;
			files = (
			);
			runOnlyForDeploymentPostprocessing = 0;
		};
		FA73E3B427BBF5A60092141A /* Frameworks */ = {
			isa = PBXFrameworksBuildPhase;
			buildActionMask = 2147483647;
			files = (
			);
			runOnlyForDeploymentPostprocessing = 0;
		};
/* End PBXFrameworksBuildPhase section */

/* Begin PBXGroup section */
		9B7B356F27BE4B9C00F9FA8B /* MakeJuiceAlerts */ = {
			isa = PBXGroup;
			children = (
				9B7B357027BE4BAF00F9FA8B /* CompleteMakingAlert.swift */,
				9B7B357227BE4BD400F9FA8B /* SoldOutAlert.swift */,
			);
			path = MakeJuiceAlerts;
			sourceTree = "<group>";
		};
		B4ADAF3B27BD29CE00791D54 /* MainDelegate */ = {
			isa = PBXGroup;
			children = (
				C73DAF36255D0CDD00020D38 /* AppDelegate.swift */,
				C73DAF38255D0CDD00020D38 /* SceneDelegate.swift */,
			);
			path = MainDelegate;
			sourceTree = "<group>";
		};
		B4ADAF3C27BD2D0500791D54 /* MakeJuice */ = {
			isa = PBXGroup;
			children = (
				FA73E3C027BBF71F0092141A /* Model */,
				B4ADAF4827BD641F00791D54 /* ViewModel */,
			);
			path = MakeJuice;
			sourceTree = "<group>";
		};
		B4ADAF3D27BD2D3700791D54 /* View */ = {
			isa = PBXGroup;
			children = (
				C73DAF3C255D0CDD00020D38 /* Main.storyboard */,
				C73DAF3A255D0CDD00020D38 /* MakeJuiceViewController.swift */,
				9B7B356F27BE4B9C00F9FA8B /* MakeJuiceAlerts */,
			);
			path = View;
			sourceTree = "<group>";
		};
		B4ADAF4527BD55F300791D54 /* ViewModel */ = {
			isa = PBXGroup;
			children = (
				B4ADAF4627BD560700791D54 /* MakeJuiceViewModel.swift */,
			);
			path = ViewModel;
			sourceTree = "<group>";
		};
		B4ADAF4827BD641F00791D54 /* ViewModel */ = {
			isa = PBXGroup;
			children = (
				B4ADAF4927BD644900791D54 /* MakeJuiceViewModelTests.swift */,
			);
			path = ViewModel;
			sourceTree = "<group>";
		};
		B4ADAF4B27BD650C00791D54 /* JuiceMaking */ = {
			isa = PBXGroup;
			children = (
				C73DAF4B255D0D0400020D38 /* JuiceMaker.swift */,
				B4ADAF4C27BD652D00791D54 /* JuiceManufacturer.swift */,
			);
			path = JuiceMaking;
			sourceTree = "<group>";
		};
		B4ADAF4E27BD6F6900791D54 /* JuiceMaking */ = {
			isa = PBXGroup;
			children = (
				FA5821B627BC2C240070EA33 /* JuiceMakerTests.swift */,
				B4ADAF4F27BD6F8C00791D54 /* JuiceManufacturerTests.swift */,
			);
			path = JuiceMaking;
			sourceTree = "<group>";
		};
		B4ADAF5127BDCEFB00791D54 /* CustomTypes */ = {
			isa = PBXGroup;
			children = (
				B4ADAF5227BDCF1600791D54 /* JMObservable.swift */,
				9B7B356D27BE403E00F9FA8B /* UIAlertShowable.swift */,
			);
			path = CustomTypes;
			sourceTree = "<group>";
		};
		C71CD66D266C7B470038B9CB /* MakeJuice */ = {
			isa = PBXGroup;
			children = (
				C71CD66F266C7B500038B9CB /* Model */,
				B4ADAF3D27BD2D3700791D54 /* View */,
				B4ADAF4527BD55F300791D54 /* ViewModel */,
			);
			path = MakeJuice;
			sourceTree = "<group>";
		};
		C71CD66F266C7B500038B9CB /* Model */ = {
			isa = PBXGroup;
			children = (
				B4ADAF4B27BD650C00791D54 /* JuiceMaking */,
				C71CD66A266C7ACB0038B9CB /* FruitStore.swift */,
				FA73E3C327BC127A0092141A /* Quantity.swift */,
			);
			path = Model;
			sourceTree = "<group>";
		};
		C71CD671266C7B570038B9CB /* Support Files */ = {
			isa = PBXGroup;
			children = (
				C73DAF3F255D0CDE00020D38 /* Assets.xcassets */,
				C73DAF41255D0CDF00020D38 /* LaunchScreen.storyboard */,
				C73DAF44255D0CDF00020D38 /* Info.plist */,
			);
			path = "Support Files";
			sourceTree = "<group>";
		};
		C73DAF2A255D0CDC00020D38 = {
			isa = PBXGroup;
			children = (
				C73DAF35255D0CDD00020D38 /* JuiceMaker */,
				FA73E3B827BBF5A60092141A /* JuiceMakerTests */,
				C73DAF34255D0CDD00020D38 /* Products */,
			);
			sourceTree = "<group>";
		};
		C73DAF34255D0CDD00020D38 /* Products */ = {
			isa = PBXGroup;
			children = (
				C73DAF33255D0CDD00020D38 /* JuiceMaker.app */,
				FA73E3B727BBF5A60092141A /* JuiceMakerTests.xctest */,
			);
			name = Products;
			sourceTree = "<group>";
		};
		C73DAF35255D0CDD00020D38 /* JuiceMaker */ = {
			isa = PBXGroup;
			children = (
				B4ADAF5127BDCEFB00791D54 /* CustomTypes */,
				B4ADAF3B27BD29CE00791D54 /* MainDelegate */,
				C71CD66D266C7B470038B9CB /* MakeJuice */,
				C71CD671266C7B570038B9CB /* Support Files */,
			);
			path = JuiceMaker;
			sourceTree = "<group>";
		};
		FA73E3B827BBF5A60092141A /* JuiceMakerTests */ = {
			isa = PBXGroup;
			children = (
				B4ADAF3C27BD2D0500791D54 /* MakeJuice */,
			);
			path = JuiceMakerTests;
			sourceTree = "<group>";
		};
		FA73E3C027BBF71F0092141A /* Model */ = {
			isa = PBXGroup;
			children = (
				B4ADAF4E27BD6F6900791D54 /* JuiceMaking */,
				FA73E3C527BC16250092141A /* QuantityTests.swift */,
				FA73E3C127BBF7430092141A /* FruitStoreTests.swift */,
			);
			path = Model;
			sourceTree = "<group>";
		};
/* End PBXGroup section */

/* Begin PBXNativeTarget section */
		C73DAF32255D0CDC00020D38 /* JuiceMaker */ = {
			isa = PBXNativeTarget;
			buildConfigurationList = C73DAF47255D0CDF00020D38 /* Build configuration list for PBXNativeTarget "JuiceMaker" */;
			buildPhases = (
				C73DAF2F255D0CDC00020D38 /* Sources */,
				C73DAF30255D0CDC00020D38 /* Frameworks */,
				C73DAF31255D0CDC00020D38 /* Resources */,
			);
			buildRules = (
			);
			dependencies = (
			);
			name = JuiceMaker;
			productName = JuiceMaker;
			productReference = C73DAF33255D0CDD00020D38 /* JuiceMaker.app */;
			productType = "com.apple.product-type.application";
		};
		FA73E3B627BBF5A60092141A /* JuiceMakerTests */ = {
			isa = PBXNativeTarget;
			buildConfigurationList = FA73E3BD27BBF5A60092141A /* Build configuration list for PBXNativeTarget "JuiceMakerTests" */;
			buildPhases = (
				FA73E3B327BBF5A60092141A /* Sources */,
				FA73E3B427BBF5A60092141A /* Frameworks */,
				FA73E3B527BBF5A60092141A /* Resources */,
			);
			buildRules = (
			);
			dependencies = (
				FA73E3BC27BBF5A60092141A /* PBXTargetDependency */,
			);
			name = JuiceMakerTests;
			productName = JuiceMakerTests;
			productReference = FA73E3B727BBF5A60092141A /* JuiceMakerTests.xctest */;
			productType = "com.apple.product-type.bundle.unit-test";
		};
/* End PBXNativeTarget section */

/* Begin PBXProject section */
		C73DAF2B255D0CDC00020D38 /* Project object */ = {
			isa = PBXProject;
			attributes = {
				LastSwiftUpdateCheck = 1320;
				LastUpgradeCheck = 1200;
				TargetAttributes = {
					C73DAF32255D0CDC00020D38 = {
						CreatedOnToolsVersion = 12.0;
					};
					FA73E3B627BBF5A60092141A = {
						CreatedOnToolsVersion = 13.2.1;
						TestTargetID = C73DAF32255D0CDC00020D38;
					};
				};
			};
			buildConfigurationList = C73DAF2E255D0CDC00020D38 /* Build configuration list for PBXProject "JuiceMaker" */;
			compatibilityVersion = "Xcode 9.3";
			developmentRegion = en;
			hasScannedForEncodings = 0;
			knownRegions = (
				en,
				Base,
			);
			mainGroup = C73DAF2A255D0CDC00020D38;
			productRefGroup = C73DAF34255D0CDD00020D38 /* Products */;
			projectDirPath = "";
			projectRoot = "";
			targets = (
				C73DAF32255D0CDC00020D38 /* JuiceMaker */,
				FA73E3B627BBF5A60092141A /* JuiceMakerTests */,
			);
		};
/* End PBXProject section */

/* Begin PBXResourcesBuildPhase section */
		C73DAF31255D0CDC00020D38 /* Resources */ = {
			isa = PBXResourcesBuildPhase;
			buildActionMask = 2147483647;
			files = (
				C73DAF43255D0CDF00020D38 /* LaunchScreen.storyboard in Resources */,
				C73DAF40255D0CDE00020D38 /* Assets.xcassets in Resources */,
				C73DAF3E255D0CDD00020D38 /* Main.storyboard in Resources */,
			);
			runOnlyForDeploymentPostprocessing = 0;
		};
		FA73E3B527BBF5A60092141A /* Resources */ = {
			isa = PBXResourcesBuildPhase;
			buildActionMask = 2147483647;
			files = (
			);
			runOnlyForDeploymentPostprocessing = 0;
		};
/* End PBXResourcesBuildPhase section */

/* Begin PBXSourcesBuildPhase section */
		C73DAF2F255D0CDC00020D38 /* Sources */ = {
			isa = PBXSourcesBuildPhase;
			buildActionMask = 2147483647;
			files = (
				FA73E3C427BC127A0092141A /* Quantity.swift in Sources */,
				9B7B356E27BE403E00F9FA8B /* UIAlertShowable.swift in Sources */,
				C71CD66B266C7ACB0038B9CB /* FruitStore.swift in Sources */,
				9B7B357327BE4BD400F9FA8B /* SoldOutAlert.swift in Sources */,
				B4ADAF4D27BD652D00791D54 /* JuiceManufacturer.swift in Sources */,
				B4ADAF4727BD560700791D54 /* MakeJuiceViewModel.swift in Sources */,
				C73DAF3B255D0CDD00020D38 /* MakeJuiceViewController.swift in Sources */,
				B4ADAF5327BDCF1600791D54 /* JMObservable.swift in Sources */,
				C73DAF37255D0CDD00020D38 /* AppDelegate.swift in Sources */,
				C73DAF39255D0CDD00020D38 /* SceneDelegate.swift in Sources */,
				C73DAF4C255D0D0400020D38 /* JuiceMaker.swift in Sources */,
				9B7B357127BE4BAF00F9FA8B /* CompleteMakingAlert.swift in Sources */,
			);
			runOnlyForDeploymentPostprocessing = 0;
		};
		FA73E3B327BBF5A60092141A /* Sources */ = {
			isa = PBXSourcesBuildPhase;
			buildActionMask = 2147483647;
			files = (
				FA73E3C627BC16250092141A /* QuantityTests.swift in Sources */,
				B4ADAF5027BD6F8C00791D54 /* JuiceManufacturerTests.swift in Sources */,
				B4ADAF4A27BD644900791D54 /* MakeJuiceViewModelTests.swift in Sources */,
				FA73E3C227BBF7430092141A /* FruitStoreTests.swift in Sources */,
				FA5821B727BC2C240070EA33 /* JuiceMakerTests.swift in Sources */,
			);
			runOnlyForDeploymentPostprocessing = 0;
		};
/* End PBXSourcesBuildPhase section */

/* Begin PBXTargetDependency section */
		FA73E3BC27BBF5A60092141A /* PBXTargetDependency */ = {
			isa = PBXTargetDependency;
			target = C73DAF32255D0CDC00020D38 /* JuiceMaker */;
			targetProxy = FA73E3BB27BBF5A60092141A /* PBXContainerItemProxy */;
		};
/* End PBXTargetDependency section */

/* Begin PBXVariantGroup section */
		C73DAF3C255D0CDD00020D38 /* Main.storyboard */ = {
			isa = PBXVariantGroup;
			children = (
				C73DAF3D255D0CDD00020D38 /* Base */,
			);
			name = Main.storyboard;
			sourceTree = "<group>";
		};
		C73DAF41255D0CDF00020D38 /* LaunchScreen.storyboard */ = {
			isa = PBXVariantGroup;
			children = (
				C73DAF42255D0CDF00020D38 /* Base */,
			);
			name = LaunchScreen.storyboard;
			sourceTree = "<group>";
		};
/* End PBXVariantGroup section */

/* Begin XCBuildConfiguration section */
		C73DAF45255D0CDF00020D38 /* Debug */ = {
			isa = XCBuildConfiguration;
			buildSettings = {
				ALWAYS_SEARCH_USER_PATHS = NO;
				CLANG_ANALYZER_NONNULL = YES;
				CLANG_ANALYZER_NUMBER_OBJECT_CONVERSION = YES_AGGRESSIVE;
				CLANG_CXX_LANGUAGE_STANDARD = "gnu++14";
				CLANG_CXX_LIBRARY = "libc++";
				CLANG_ENABLE_MODULES = YES;
				CLANG_ENABLE_OBJC_ARC = YES;
				CLANG_ENABLE_OBJC_WEAK = YES;
				CLANG_WARN_BLOCK_CAPTURE_AUTORELEASING = YES;
				CLANG_WARN_BOOL_CONVERSION = YES;
				CLANG_WARN_COMMA = YES;
				CLANG_WARN_CONSTANT_CONVERSION = YES;
				CLANG_WARN_DEPRECATED_OBJC_IMPLEMENTATIONS = YES;
				CLANG_WARN_DIRECT_OBJC_ISA_USAGE = YES_ERROR;
				CLANG_WARN_DOCUMENTATION_COMMENTS = YES;
				CLANG_WARN_EMPTY_BODY = YES;
				CLANG_WARN_ENUM_CONVERSION = YES;
				CLANG_WARN_INFINITE_RECURSION = YES;
				CLANG_WARN_INT_CONVERSION = YES;
				CLANG_WARN_NON_LITERAL_NULL_CONVERSION = YES;
				CLANG_WARN_OBJC_IMPLICIT_RETAIN_SELF = YES;
				CLANG_WARN_OBJC_LITERAL_CONVERSION = YES;
				CLANG_WARN_OBJC_ROOT_CLASS = YES_ERROR;
				CLANG_WARN_QUOTED_INCLUDE_IN_FRAMEWORK_HEADER = YES;
				CLANG_WARN_RANGE_LOOP_ANALYSIS = YES;
				CLANG_WARN_STRICT_PROTOTYPES = YES;
				CLANG_WARN_SUSPICIOUS_MOVE = YES;
				CLANG_WARN_UNGUARDED_AVAILABILITY = YES_AGGRESSIVE;
				CLANG_WARN_UNREACHABLE_CODE = YES;
				CLANG_WARN__DUPLICATE_METHOD_MATCH = YES;
				COPY_PHASE_STRIP = NO;
				DEBUG_INFORMATION_FORMAT = dwarf;
				ENABLE_STRICT_OBJC_MSGSEND = YES;
				ENABLE_TESTABILITY = YES;
				GCC_C_LANGUAGE_STANDARD = gnu11;
				GCC_DYNAMIC_NO_PIC = NO;
				GCC_NO_COMMON_BLOCKS = YES;
				GCC_OPTIMIZATION_LEVEL = 0;
				GCC_PREPROCESSOR_DEFINITIONS = (
					"DEBUG=1",
					"$(inherited)",
				);
				GCC_WARN_64_TO_32_BIT_CONVERSION = YES;
				GCC_WARN_ABOUT_RETURN_TYPE = YES_ERROR;
				GCC_WARN_UNDECLARED_SELECTOR = YES;
				GCC_WARN_UNINITIALIZED_AUTOS = YES_AGGRESSIVE;
				GCC_WARN_UNUSED_FUNCTION = YES;
				GCC_WARN_UNUSED_VARIABLE = YES;
				IPHONEOS_DEPLOYMENT_TARGET = 14.0;
				MTL_ENABLE_DEBUG_INFO = INCLUDE_SOURCE;
				MTL_FAST_MATH = YES;
				ONLY_ACTIVE_ARCH = YES;
				SDKROOT = iphoneos;
				SWIFT_ACTIVE_COMPILATION_CONDITIONS = DEBUG;
				SWIFT_OPTIMIZATION_LEVEL = "-Onone";
			};
			name = Debug;
		};
		C73DAF46255D0CDF00020D38 /* Release */ = {
			isa = XCBuildConfiguration;
			buildSettings = {
				ALWAYS_SEARCH_USER_PATHS = NO;
				CLANG_ANALYZER_NONNULL = YES;
				CLANG_ANALYZER_NUMBER_OBJECT_CONVERSION = YES_AGGRESSIVE;
				CLANG_CXX_LANGUAGE_STANDARD = "gnu++14";
				CLANG_CXX_LIBRARY = "libc++";
				CLANG_ENABLE_MODULES = YES;
				CLANG_ENABLE_OBJC_ARC = YES;
				CLANG_ENABLE_OBJC_WEAK = YES;
				CLANG_WARN_BLOCK_CAPTURE_AUTORELEASING = YES;
				CLANG_WARN_BOOL_CONVERSION = YES;
				CLANG_WARN_COMMA = YES;
				CLANG_WARN_CONSTANT_CONVERSION = YES;
				CLANG_WARN_DEPRECATED_OBJC_IMPLEMENTATIONS = YES;
				CLANG_WARN_DIRECT_OBJC_ISA_USAGE = YES_ERROR;
				CLANG_WARN_DOCUMENTATION_COMMENTS = YES;
				CLANG_WARN_EMPTY_BODY = YES;
				CLANG_WARN_ENUM_CONVERSION = YES;
				CLANG_WARN_INFINITE_RECURSION = YES;
				CLANG_WARN_INT_CONVERSION = YES;
				CLANG_WARN_NON_LITERAL_NULL_CONVERSION = YES;
				CLANG_WARN_OBJC_IMPLICIT_RETAIN_SELF = YES;
				CLANG_WARN_OBJC_LITERAL_CONVERSION = YES;
				CLANG_WARN_OBJC_ROOT_CLASS = YES_ERROR;
				CLANG_WARN_QUOTED_INCLUDE_IN_FRAMEWORK_HEADER = YES;
				CLANG_WARN_RANGE_LOOP_ANALYSIS = YES;
				CLANG_WARN_STRICT_PROTOTYPES = YES;
				CLANG_WARN_SUSPICIOUS_MOVE = YES;
				CLANG_WARN_UNGUARDED_AVAILABILITY = YES_AGGRESSIVE;
				CLANG_WARN_UNREACHABLE_CODE = YES;
				CLANG_WARN__DUPLICATE_METHOD_MATCH = YES;
				COPY_PHASE_STRIP = NO;
				DEBUG_INFORMATION_FORMAT = "dwarf-with-dsym";
				ENABLE_NS_ASSERTIONS = NO;
				ENABLE_STRICT_OBJC_MSGSEND = YES;
				GCC_C_LANGUAGE_STANDARD = gnu11;
				GCC_NO_COMMON_BLOCKS = YES;
				GCC_WARN_64_TO_32_BIT_CONVERSION = YES;
				GCC_WARN_ABOUT_RETURN_TYPE = YES_ERROR;
				GCC_WARN_UNDECLARED_SELECTOR = YES;
				GCC_WARN_UNINITIALIZED_AUTOS = YES_AGGRESSIVE;
				GCC_WARN_UNUSED_FUNCTION = YES;
				GCC_WARN_UNUSED_VARIABLE = YES;
				IPHONEOS_DEPLOYMENT_TARGET = 14.0;
				MTL_ENABLE_DEBUG_INFO = NO;
				MTL_FAST_MATH = YES;
				SDKROOT = iphoneos;
				SWIFT_COMPILATION_MODE = wholemodule;
				SWIFT_OPTIMIZATION_LEVEL = "-O";
				VALIDATE_PRODUCT = YES;
			};
			name = Release;
		};
		C73DAF48255D0CDF00020D38 /* Debug */ = {
			isa = XCBuildConfiguration;
			buildSettings = {
				ASSETCATALOG_COMPILER_APPICON_NAME = AppIcon;
				ASSETCATALOG_COMPILER_GLOBAL_ACCENT_COLOR_NAME = AccentColor;
				CODE_SIGN_STYLE = Automatic;
				INFOPLIST_FILE = "JuiceMaker/Support Files/Info.plist";
				LD_RUNPATH_SEARCH_PATHS = (
					"$(inherited)",
					"@executable_path/Frameworks",
				);
				PRODUCT_BUNDLE_IDENTIFIER = net.yagom.JuiceMaker;
				PRODUCT_NAME = "$(TARGET_NAME)";
				SWIFT_VERSION = 5.0;
				TARGETED_DEVICE_FAMILY = 1;
			};
			name = Debug;
		};
		C73DAF49255D0CDF00020D38 /* Release */ = {
			isa = XCBuildConfiguration;
			buildSettings = {
				ASSETCATALOG_COMPILER_APPICON_NAME = AppIcon;
				ASSETCATALOG_COMPILER_GLOBAL_ACCENT_COLOR_NAME = AccentColor;
				CODE_SIGN_STYLE = Automatic;
				INFOPLIST_FILE = "JuiceMaker/Support Files/Info.plist";
				LD_RUNPATH_SEARCH_PATHS = (
					"$(inherited)",
					"@executable_path/Frameworks",
				);
				PRODUCT_BUNDLE_IDENTIFIER = net.yagom.JuiceMaker;
				PRODUCT_NAME = "$(TARGET_NAME)";
				SWIFT_VERSION = 5.0;
				TARGETED_DEVICE_FAMILY = 1;
			};
			name = Release;
		};
		FA73E3BE27BBF5A60092141A /* Debug */ = {
			isa = XCBuildConfiguration;
			buildSettings = {
				BUNDLE_LOADER = "$(TEST_HOST)";
				CLANG_CXX_LANGUAGE_STANDARD = "gnu++17";
				CODE_SIGN_STYLE = Automatic;
				CURRENT_PROJECT_VERSION = 1;
				DEVELOPMENT_TEAM = 388FABP47Q;
				GENERATE_INFOPLIST_FILE = YES;
				IPHONEOS_DEPLOYMENT_TARGET = 14.5;
				MARKETING_VERSION = 1.0;
				PRODUCT_BUNDLE_IDENTIFIER = com.momo.JuiceMakerTests;
				PRODUCT_NAME = "$(TARGET_NAME)";
				SWIFT_EMIT_LOC_STRINGS = NO;
				SWIFT_VERSION = 5.0;
				TARGETED_DEVICE_FAMILY = "1,2";
				TEST_HOST = "$(BUILT_PRODUCTS_DIR)/JuiceMaker.app/JuiceMaker";
			};
			name = Debug;
		};
		FA73E3BF27BBF5A60092141A /* Release */ = {
			isa = XCBuildConfiguration;
			buildSettings = {
				BUNDLE_LOADER = "$(TEST_HOST)";
				CLANG_CXX_LANGUAGE_STANDARD = "gnu++17";
				CODE_SIGN_STYLE = Automatic;
				CURRENT_PROJECT_VERSION = 1;
				DEVELOPMENT_TEAM = 388FABP47Q;
				GENERATE_INFOPLIST_FILE = YES;
				IPHONEOS_DEPLOYMENT_TARGET = 14.5;
				MARKETING_VERSION = 1.0;
				PRODUCT_BUNDLE_IDENTIFIER = com.momo.JuiceMakerTests;
				PRODUCT_NAME = "$(TARGET_NAME)";
				SWIFT_EMIT_LOC_STRINGS = NO;
				SWIFT_VERSION = 5.0;
				TARGETED_DEVICE_FAMILY = "1,2";
				TEST_HOST = "$(BUILT_PRODUCTS_DIR)/JuiceMaker.app/JuiceMaker";
			};
			name = Release;
		};
/* End XCBuildConfiguration section */

/* Begin XCConfigurationList section */
		C73DAF2E255D0CDC00020D38 /* Build configuration list for PBXProject "JuiceMaker" */ = {
			isa = XCConfigurationList;
			buildConfigurations = (
				C73DAF45255D0CDF00020D38 /* Debug */,
				C73DAF46255D0CDF00020D38 /* Release */,
			);
			defaultConfigurationIsVisible = 0;
			defaultConfigurationName = Release;
		};
		C73DAF47255D0CDF00020D38 /* Build configuration list for PBXNativeTarget "JuiceMaker" */ = {
			isa = XCConfigurationList;
			buildConfigurations = (
				C73DAF48255D0CDF00020D38 /* Debug */,
				C73DAF49255D0CDF00020D38 /* Release */,
			);
			defaultConfigurationIsVisible = 0;
			defaultConfigurationName = Release;
		};
		FA73E3BD27BBF5A60092141A /* Build configuration list for PBXNativeTarget "JuiceMakerTests" */ = {
			isa = XCConfigurationList;
			buildConfigurations = (
				FA73E3BE27BBF5A60092141A /* Debug */,
				FA73E3BF27BBF5A60092141A /* Release */,
			);
			defaultConfigurationIsVisible = 0;
			defaultConfigurationName = Release;
		};
/* End XCConfigurationList section */
	};
	rootObject = C73DAF2B255D0CDC00020D38 /* Project object */;
}
