// !$*UTF8*$!
{
	archiveVersion = 1;
	classes = {
	};
	objectVersion = 50;
	objects = {

/* Begin PBXBuildFile section */
		2708D05A2602F41300C3B02B /* JuiceOrderButton.swift in Sources */ = {isa = PBXBuildFile; fileRef = 2708D0592602F41300C3B02B /* JuiceOrderButton.swift */; };
		2708D05E260314CC00C3B02B /* StockStepper.swift in Sources */ = {isa = PBXBuildFile; fileRef = 2708D05D260314CC00C3B02B /* StockStepper.swift */; };
		2708D06126032EE600C3B02B /* StockLabel.swift in Sources */ = {isa = PBXBuildFile; fileRef = 2708D06026032EE600C3B02B /* StockLabel.swift */; };
		2708D0772603361E00C3B02B /* Fruit.swift in Sources */ = {isa = PBXBuildFile; fileRef = 2708D0762603361E00C3B02B /* Fruit.swift */; };
		2708D07A2603363900C3B02B /* Juice.swift in Sources */ = {isa = PBXBuildFile; fileRef = 2708D0792603363900C3B02B /* Juice.swift */; };
		2708D0802603396100C3B02B /* Error.swift in Sources */ = {isa = PBXBuildFile; fileRef = 2708D07F2603396100C3B02B /* Error.swift */; };
		276EFB3626006A99001CE751 /* AlertExtension.swift in Sources */ = {isa = PBXBuildFile; fileRef = 276EFB3526006A99001CE751 /* AlertExtension.swift */; };
		27A00D7925FA1B2500FCA3E8 /* SecondViewController.swift in Sources */ = {isa = PBXBuildFile; fileRef = 27A00D7825FA1B2500FCA3E8 /* SecondViewController.swift */; };
		C73DAF37255D0CDD00020D38 /* AppDelegate.swift in Sources */ = {isa = PBXBuildFile; fileRef = C73DAF36255D0CDD00020D38 /* AppDelegate.swift */; };
		C73DAF39255D0CDD00020D38 /* SceneDelegate.swift in Sources */ = {isa = PBXBuildFile; fileRef = C73DAF38255D0CDD00020D38 /* SceneDelegate.swift */; };
		C73DAF3B255D0CDD00020D38 /* ViewController.swift in Sources */ = {isa = PBXBuildFile; fileRef = C73DAF3A255D0CDD00020D38 /* ViewController.swift */; };
		C73DAF3E255D0CDD00020D38 /* Main.storyboard in Resources */ = {isa = PBXBuildFile; fileRef = C73DAF3C255D0CDD00020D38 /* Main.storyboard */; };
		C73DAF40255D0CDE00020D38 /* Assets.xcassets in Resources */ = {isa = PBXBuildFile; fileRef = C73DAF3F255D0CDE00020D38 /* Assets.xcassets */; };
		C73DAF43255D0CDF00020D38 /* LaunchScreen.storyboard in Resources */ = {isa = PBXBuildFile; fileRef = C73DAF41255D0CDF00020D38 /* LaunchScreen.storyboard */; };
		C73DAF4C255D0D0400020D38 /* JuiceMaker.swift in Sources */ = {isa = PBXBuildFile; fileRef = C73DAF4B255D0D0400020D38 /* JuiceMaker.swift */; };
/* End PBXBuildFile section */

/* Begin PBXFileReference section */
		2708D0592602F41300C3B02B /* JuiceOrderButton.swift */ = {isa = PBXFileReference; lastKnownFileType = sourcecode.swift; path = JuiceOrderButton.swift; sourceTree = "<group>"; };
		2708D05D260314CC00C3B02B /* StockStepper.swift */ = {isa = PBXFileReference; lastKnownFileType = sourcecode.swift; path = StockStepper.swift; sourceTree = "<group>"; };
		2708D06026032EE600C3B02B /* StockLabel.swift */ = {isa = PBXFileReference; lastKnownFileType = sourcecode.swift; path = StockLabel.swift; sourceTree = "<group>"; };
		2708D0762603361E00C3B02B /* Fruit.swift */ = {isa = PBXFileReference; lastKnownFileType = sourcecode.swift; path = Fruit.swift; sourceTree = "<group>"; };
		2708D0792603363900C3B02B /* Juice.swift */ = {isa = PBXFileReference; lastKnownFileType = sourcecode.swift; path = Juice.swift; sourceTree = "<group>"; };
		2708D07F2603396100C3B02B /* Error.swift */ = {isa = PBXFileReference; lastKnownFileType = sourcecode.swift; path = Error.swift; sourceTree = "<group>"; };
		276EFB3526006A99001CE751 /* AlertExtension.swift */ = {isa = PBXFileReference; lastKnownFileType = sourcecode.swift; path = AlertExtension.swift; sourceTree = "<group>"; };
		27A00D7825FA1B2500FCA3E8 /* SecondViewController.swift */ = {isa = PBXFileReference; lastKnownFileType = sourcecode.swift; path = SecondViewController.swift; sourceTree = "<group>"; };
		C73DAF33255D0CDD00020D38 /* JuiceMaker.app */ = {isa = PBXFileReference; explicitFileType = wrapper.application; includeInIndex = 0; path = JuiceMaker.app; sourceTree = BUILT_PRODUCTS_DIR; };
		C73DAF36255D0CDD00020D38 /* AppDelegate.swift */ = {isa = PBXFileReference; lastKnownFileType = sourcecode.swift; path = AppDelegate.swift; sourceTree = "<group>"; };
		C73DAF38255D0CDD00020D38 /* SceneDelegate.swift */ = {isa = PBXFileReference; lastKnownFileType = sourcecode.swift; path = SceneDelegate.swift; sourceTree = "<group>"; };
		C73DAF3A255D0CDD00020D38 /* ViewController.swift */ = {isa = PBXFileReference; lastKnownFileType = sourcecode.swift; path = ViewController.swift; sourceTree = "<group>"; };
		C73DAF3D255D0CDD00020D38 /* Base */ = {isa = PBXFileReference; lastKnownFileType = file.storyboard; name = Base; path = Base.lproj/Main.storyboard; sourceTree = "<group>"; };
		C73DAF3F255D0CDE00020D38 /* Assets.xcassets */ = {isa = PBXFileReference; lastKnownFileType = folder.assetcatalog; path = Assets.xcassets; sourceTree = "<group>"; };
		C73DAF42255D0CDF00020D38 /* Base */ = {isa = PBXFileReference; lastKnownFileType = file.storyboard; name = Base; path = Base.lproj/LaunchScreen.storyboard; sourceTree = "<group>"; };
		C73DAF44255D0CDF00020D38 /* Info.plist */ = {isa = PBXFileReference; lastKnownFileType = text.plist.xml; path = Info.plist; sourceTree = "<group>"; };
		C73DAF4B255D0D0400020D38 /* JuiceMaker.swift */ = {isa = PBXFileReference; lastKnownFileType = sourcecode.swift; path = JuiceMaker.swift; sourceTree = "<group>"; };
/* End PBXFileReference section */

/* Begin PBXFrameworksBuildPhase section */
		C73DAF30255D0CDC00020D38 /* Frameworks */ = {
			isa = PBXFrameworksBuildPhase;
			buildActionMask = 2147483647;
			files = (
			);
			runOnlyForDeploymentPostprocessing = 0;
		};
/* End PBXFrameworksBuildPhase section */

/* Begin PBXGroup section */
		2708D0632603305200C3B02B /* Model */ = {
			isa = PBXGroup;
			children = (
				C73DAF4B255D0D0400020D38 /* JuiceMaker.swift */,
				2708D0762603361E00C3B02B /* Fruit.swift */,
				2708D0792603363900C3B02B /* Juice.swift */,
				2708D07F2603396100C3B02B /* Error.swift */,
			);
			path = Model;
			sourceTree = "<group>";
		};
		2708D0642603307400C3B02B /* Controller */ = {
			isa = PBXGroup;
			children = (
				C73DAF3A255D0CDD00020D38 /* ViewController.swift */,
				27A00D7825FA1B2500FCA3E8 /* SecondViewController.swift */,
			);
			path = Controller;
			sourceTree = "<group>";
		};
		2708D065260330B800C3B02B /* Resource */ = {
			isa = PBXGroup;
			children = (
				C73DAF36255D0CDD00020D38 /* AppDelegate.swift */,
				C73DAF38255D0CDD00020D38 /* SceneDelegate.swift */,
				C73DAF3F255D0CDE00020D38 /* Assets.xcassets */,
				C73DAF44255D0CDF00020D38 /* Info.plist */,
			);
			path = Resource;
			sourceTree = "<group>";
		};
		2708D066260330DC00C3B02B /* View */ = {
			isa = PBXGroup;
			children = (
				C73DAF3C255D0CDD00020D38 /* Main.storyboard */,
				C73DAF41255D0CDF00020D38 /* LaunchScreen.storyboard */,
			);
			path = View;
			sourceTree = "<group>";
		};
		2708D0732603351C00C3B02B /* Extension */ = {
			isa = PBXGroup;
			children = (
				276EFB3526006A99001CE751 /* AlertExtension.swift */,
			);
			path = Extension;
			sourceTree = "<group>";
		};
		2708D0742603352D00C3B02B /* CustomClass */ = {
			isa = PBXGroup;
			children = (
				2708D0592602F41300C3B02B /* JuiceOrderButton.swift */,
				2708D05D260314CC00C3B02B /* StockStepper.swift */,
				2708D06026032EE600C3B02B /* StockLabel.swift */,
			);
			path = CustomClass;
			sourceTree = "<group>";
		};
		C73DAF2A255D0CDC00020D38 = {
			isa = PBXGroup;
			children = (
				C73DAF35255D0CDD00020D38 /* JuiceMaker */,
				C73DAF34255D0CDD00020D38 /* Products */,
			);
			sourceTree = "<group>";
		};
		C73DAF34255D0CDD00020D38 /* Products */ = {
			isa = PBXGroup;
			children = (
				C73DAF33255D0CDD00020D38 /* JuiceMaker.app */,
			);
			name = Products;
			sourceTree = "<group>";
		};
		C73DAF35255D0CDD00020D38 /* JuiceMaker */ = {
			isa = PBXGroup;
			children = (
				2708D0632603305200C3B02B /* Model */,
				2708D066260330DC00C3B02B /* View */,
				2708D0642603307400C3B02B /* Controller */,
				2708D0732603351C00C3B02B /* Extension */,
				2708D0742603352D00C3B02B /* CustomClass */,
				2708D065260330B800C3B02B /* Resource */,
			);
			path = JuiceMaker;
			sourceTree = "<group>";
		};
/* End PBXGroup section */

/* Begin PBXNativeTarget section */
		C73DAF32255D0CDC00020D38 /* JuiceMaker */ = {
			isa = PBXNativeTarget;
			buildConfigurationList = C73DAF47255D0CDF00020D38 /* Build configuration list for PBXNativeTarget "JuiceMaker" */;
			buildPhases = (
				C73DAF2F255D0CDC00020D38 /* Sources */,
				C73DAF30255D0CDC00020D38 /* Frameworks */,
				C73DAF31255D0CDC00020D38 /* Resources */,
			);
			buildRules = (
			);
			dependencies = (
			);
			name = JuiceMaker;
			productName = JuiceMaker;
			productReference = C73DAF33255D0CDD00020D38 /* JuiceMaker.app */;
			productType = "com.apple.product-type.application";
		};
/* End PBXNativeTarget section */

/* Begin PBXProject section */
		C73DAF2B255D0CDC00020D38 /* Project object */ = {
			isa = PBXProject;
			attributes = {
				LastSwiftUpdateCheck = 1200;
				LastUpgradeCheck = 1200;
				TargetAttributes = {
					C73DAF32255D0CDC00020D38 = {
						CreatedOnToolsVersion = 12.0;
					};
				};
			};
			buildConfigurationList = C73DAF2E255D0CDC00020D38 /* Build configuration list for PBXProject "JuiceMaker" */;
			compatibilityVersion = "Xcode 9.3";
			developmentRegion = en;
			hasScannedForEncodings = 0;
			knownRegions = (
				en,
				Base,
			);
			mainGroup = C73DAF2A255D0CDC00020D38;
			productRefGroup = C73DAF34255D0CDD00020D38 /* Products */;
			projectDirPath = "";
			projectRoot = "";
			targets = (
				C73DAF32255D0CDC00020D38 /* JuiceMaker */,
			);
		};
/* End PBXProject section */

/* Begin PBXResourcesBuildPhase section */
		C73DAF31255D0CDC00020D38 /* Resources */ = {
			isa = PBXResourcesBuildPhase;
			buildActionMask = 2147483647;
			files = (
				C73DAF43255D0CDF00020D38 /* LaunchScreen.storyboard in Resources */,
				C73DAF40255D0CDE00020D38 /* Assets.xcassets in Resources */,
				C73DAF3E255D0CDD00020D38 /* Main.storyboard in Resources */,
			);
			runOnlyForDeploymentPostprocessing = 0;
		};
/* End PBXResourcesBuildPhase section */

/* Begin PBXSourcesBuildPhase section */
		C73DAF2F255D0CDC00020D38 /* Sources */ = {
			isa = PBXSourcesBuildPhase;
			buildActionMask = 2147483647;
			files = (
				2708D0772603361E00C3B02B /* Fruit.swift in Sources */,
				2708D05A2602F41300C3B02B /* JuiceOrderButton.swift in Sources */,
				C73DAF3B255D0CDD00020D38 /* ViewController.swift in Sources */,
				C73DAF37255D0CDD00020D38 /* AppDelegate.swift in Sources */,
				2708D0802603396100C3B02B /* Error.swift in Sources */,
				C73DAF39255D0CDD00020D38 /* SceneDelegate.swift in Sources */,
				2708D07A2603363900C3B02B /* Juice.swift in Sources */,
				2708D05E260314CC00C3B02B /* StockStepper.swift in Sources */,
				2708D06126032EE600C3B02B /* StockLabel.swift in Sources */,
				27A00D7925FA1B2500FCA3E8 /* SecondViewController.swift in Sources */,
				276EFB3626006A99001CE751 /* AlertExtension.swift in Sources */,
				C73DAF4C255D0D0400020D38 /* JuiceMaker.swift in Sources */,
			);
			runOnlyForDeploymentPostprocessing = 0;
		};
/* End PBXSourcesBuildPhase section */

/* Begin PBXVariantGroup section */
		C73DAF3C255D0CDD00020D38 /* Main.storyboard */ = {
			isa = PBXVariantGroup;
			children = (
				C73DAF3D255D0CDD00020D38 /* Base */,
			);
			name = Main.storyboard;
			sourceTree = "<group>";
		};
		C73DAF41255D0CDF00020D38 /* LaunchScreen.storyboard */ = {
			isa = PBXVariantGroup;
			children = (
				C73DAF42255D0CDF00020D38 /* Base */,
			);
			name = LaunchScreen.storyboard;
			sourceTree = "<group>";
		};
/* End PBXVariantGroup section */

/* Begin XCBuildConfiguration section */
		C73DAF45255D0CDF00020D38 /* Debug */ = {
			isa = XCBuildConfiguration;
			buildSettings = {
				ALWAYS_SEARCH_USER_PATHS = NO;
				CLANG_ANALYZER_NONNULL = YES;
				CLANG_ANALYZER_NUMBER_OBJECT_CONVERSION = YES_AGGRESSIVE;
				CLANG_CXX_LANGUAGE_STANDARD = "gnu++14";
				CLANG_CXX_LIBRARY = "libc++";
				CLANG_ENABLE_MODULES = YES;
				CLANG_ENABLE_OBJC_ARC = YES;
				CLANG_ENABLE_OBJC_WEAK = YES;
				CLANG_WARN_BLOCK_CAPTURE_AUTORELEASING = YES;
				CLANG_WARN_BOOL_CONVERSION = YES;
				CLANG_WARN_COMMA = YES;
				CLANG_WARN_CONSTANT_CONVERSION = YES;
				CLANG_WARN_DEPRECATED_OBJC_IMPLEMENTATIONS = YES;
				CLANG_WARN_DIRECT_OBJC_ISA_USAGE = YES_ERROR;
				CLANG_WARN_DOCUMENTATION_COMMENTS = YES;
				CLANG_WARN_EMPTY_BODY = YES;
				CLANG_WARN_ENUM_CONVERSION = YES;
				CLANG_WARN_INFINITE_RECURSION = YES;
				CLANG_WARN_INT_CONVERSION = YES;
				CLANG_WARN_NON_LITERAL_NULL_CONVERSION = YES;
				CLANG_WARN_OBJC_IMPLICIT_RETAIN_SELF = YES;
				CLANG_WARN_OBJC_LITERAL_CONVERSION = YES;
				CLANG_WARN_OBJC_ROOT_CLASS = YES_ERROR;
				CLANG_WARN_QUOTED_INCLUDE_IN_FRAMEWORK_HEADER = YES;
				CLANG_WARN_RANGE_LOOP_ANALYSIS = YES;
				CLANG_WARN_STRICT_PROTOTYPES = YES;
				CLANG_WARN_SUSPICIOUS_MOVE = YES;
				CLANG_WARN_UNGUARDED_AVAILABILITY = YES_AGGRESSIVE;
				CLANG_WARN_UNREACHABLE_CODE = YES;
				CLANG_WARN__DUPLICATE_METHOD_MATCH = YES;
				COPY_PHASE_STRIP = NO;
				DEBUG_INFORMATION_FORMAT = dwarf;
				ENABLE_STRICT_OBJC_MSGSEND = YES;
				ENABLE_TESTABILITY = YES;
				GCC_C_LANGUAGE_STANDARD = gnu11;
				GCC_DYNAMIC_NO_PIC = NO;
				GCC_NO_COMMON_BLOCKS = YES;
				GCC_OPTIMIZATION_LEVEL = 0;
				GCC_PREPROCESSOR_DEFINITIONS = (
					"DEBUG=1",
					"$(inherited)",
				);
				GCC_WARN_64_TO_32_BIT_CONVERSION = YES;
				GCC_WARN_ABOUT_RETURN_TYPE = YES_ERROR;
				GCC_WARN_UNDECLARED_SELECTOR = YES;
				GCC_WARN_UNINITIALIZED_AUTOS = YES_AGGRESSIVE;
				GCC_WARN_UNUSED_FUNCTION = YES;
				GCC_WARN_UNUSED_VARIABLE = YES;
				INFOPLIST_FILE = "";
				IPHONEOS_DEPLOYMENT_TARGET = 14.0;
				MTL_ENABLE_DEBUG_INFO = INCLUDE_SOURCE;
				MTL_FAST_MATH = YES;
				ONLY_ACTIVE_ARCH = YES;
				SDKROOT = iphoneos;
				SWIFT_ACTIVE_COMPILATION_CONDITIONS = DEBUG;
				SWIFT_OPTIMIZATION_LEVEL = "-Onone";
			};
			name = Debug;
		};
		C73DAF46255D0CDF00020D38 /* Release */ = {
			isa = XCBuildConfiguration;
			buildSettings = {
				ALWAYS_SEARCH_USER_PATHS = NO;
				CLANG_ANALYZER_NONNULL = YES;
				CLANG_ANALYZER_NUMBER_OBJECT_CONVERSION = YES_AGGRESSIVE;
				CLANG_CXX_LANGUAGE_STANDARD = "gnu++14";
				CLANG_CXX_LIBRARY = "libc++";
				CLANG_ENABLE_MODULES = YES;
				CLANG_ENABLE_OBJC_ARC = YES;
				CLANG_ENABLE_OBJC_WEAK = YES;
				CLANG_WARN_BLOCK_CAPTURE_AUTORELEASING = YES;
				CLANG_WARN_BOOL_CONVERSION = YES;
				CLANG_WARN_COMMA = YES;
				CLANG_WARN_CONSTANT_CONVERSION = YES;
				CLANG_WARN_DEPRECATED_OBJC_IMPLEMENTATIONS = YES;
				CLANG_WARN_DIRECT_OBJC_ISA_USAGE = YES_ERROR;
				CLANG_WARN_DOCUMENTATION_COMMENTS = YES;
				CLANG_WARN_EMPTY_BODY = YES;
				CLANG_WARN_ENUM_CONVERSION = YES;
				CLANG_WARN_INFINITE_RECURSION = YES;
				CLANG_WARN_INT_CONVERSION = YES;
				CLANG_WARN_NON_LITERAL_NULL_CONVERSION = YES;
				CLANG_WARN_OBJC_IMPLICIT_RETAIN_SELF = YES;
				CLANG_WARN_OBJC_LITERAL_CONVERSION = YES;
				CLANG_WARN_OBJC_ROOT_CLASS = YES_ERROR;
				CLANG_WARN_QUOTED_INCLUDE_IN_FRAMEWORK_HEADER = YES;
				CLANG_WARN_RANGE_LOOP_ANALYSIS = YES;
				CLANG_WARN_STRICT_PROTOTYPES = YES;
				CLANG_WARN_SUSPICIOUS_MOVE = YES;
				CLANG_WARN_UNGUARDED_AVAILABILITY = YES_AGGRESSIVE;
				CLANG_WARN_UNREACHABLE_CODE = YES;
				CLANG_WARN__DUPLICATE_METHOD_MATCH = YES;
				COPY_PHASE_STRIP = NO;
				DEBUG_INFORMATION_FORMAT = "dwarf-with-dsym";
				ENABLE_NS_ASSERTIONS = NO;
				ENABLE_STRICT_OBJC_MSGSEND = YES;
				GCC_C_LANGUAGE_STANDARD = gnu11;
				GCC_NO_COMMON_BLOCKS = YES;
				GCC_WARN_64_TO_32_BIT_CONVERSION = YES;
				GCC_WARN_ABOUT_RETURN_TYPE = YES_ERROR;
				GCC_WARN_UNDECLARED_SELECTOR = YES;
				GCC_WARN_UNINITIALIZED_AUTOS = YES_AGGRESSIVE;
				GCC_WARN_UNUSED_FUNCTION = YES;
				GCC_WARN_UNUSED_VARIABLE = YES;
				INFOPLIST_FILE = "";
				IPHONEOS_DEPLOYMENT_TARGET = 14.0;
				MTL_ENABLE_DEBUG_INFO = NO;
				MTL_FAST_MATH = YES;
				SDKROOT = iphoneos;
				SWIFT_COMPILATION_MODE = wholemodule;
				SWIFT_OPTIMIZATION_LEVEL = "-O";
				VALIDATE_PRODUCT = YES;
			};
			name = Release;
		};
		C73DAF48255D0CDF00020D38 /* Debug */ = {
			isa = XCBuildConfiguration;
			buildSettings = {
				ASSETCATALOG_COMPILER_APPICON_NAME = AppIcon;
				ASSETCATALOG_COMPILER_GLOBAL_ACCENT_COLOR_NAME = AccentColor;
				CODE_SIGN_STYLE = Automatic;
				INFOPLIST_FILE = JuiceMaker/Resource/Info.plist;
				LD_RUNPATH_SEARCH_PATHS = (
					"$(inherited)",
					"@executable_path/Frameworks",
				);
				PRODUCT_BUNDLE_IDENTIFIER = net.yagom.JuiceMaker;
				PRODUCT_NAME = "$(TARGET_NAME)";
				SWIFT_VERSION = 5.0;
				TARGETED_DEVICE_FAMILY = "1,2";
			};
			name = Debug;
		};
		C73DAF49255D0CDF00020D38 /* Release */ = {
			isa = XCBuildConfiguration;
			buildSettings = {
				ASSETCATALOG_COMPILER_APPICON_NAME = AppIcon;
				ASSETCATALOG_COMPILER_GLOBAL_ACCENT_COLOR_NAME = AccentColor;
				CODE_SIGN_STYLE = Automatic;
				INFOPLIST_FILE = JuiceMaker/Resource/Info.plist;
				LD_RUNPATH_SEARCH_PATHS = (
					"$(inherited)",
					"@executable_path/Frameworks",
				);
				PRODUCT_BUNDLE_IDENTIFIER = net.yagom.JuiceMaker;
				PRODUCT_NAME = "$(TARGET_NAME)";
				SWIFT_VERSION = 5.0;
				TARGETED_DEVICE_FAMILY = "1,2";
			};
			name = Release;
		};
/* End XCBuildConfiguration section */

/* Begin XCConfigurationList section */
		C73DAF2E255D0CDC00020D38 /* Build configuration list for PBXProject "JuiceMaker" */ = {
			isa = XCConfigurationList;
			buildConfigurations = (
				C73DAF45255D0CDF00020D38 /* Debug */,
				C73DAF46255D0CDF00020D38 /* Release */,
			);
			defaultConfigurationIsVisible = 0;
			defaultConfigurationName = Release;
		};
		C73DAF47255D0CDF00020D38 /* Build configuration list for PBXNativeTarget "JuiceMaker" */ = {
			isa = XCConfigurationList;
			buildConfigurations = (
				C73DAF48255D0CDF00020D38 /* Debug */,
				C73DAF49255D0CDF00020D38 /* Release */,
			);
			defaultConfigurationIsVisible = 0;
			defaultConfigurationName = Release;
		};
/* End XCConfigurationList section */
	};
	rootObject = C73DAF2B255D0CDC00020D38 /* Project object */;
}
